
Microsoft Visual Studio Solution File, Format Version 12.00
# Visual Studio Version 17
VisualStudioVersion = 17.4.33103.184
MinimumVisualStudioVersion = 10.0.40219.1
Project("{FAE04EC0-301F-11D3-BF4B-00C04F79EFBC}") = "CRUD", "CRUD\CRUD.csproj", "{17694B27-D852-4513-8515-069300CEE683}"
EndProject
Global
	GlobalSection(SolutionConfigurationPlatforms) = preSolution
		Debug|Any CPU = Debug|Any CPU
		Release|Any CPU = Release|Any CPU
	EndGlobalSection
	GlobalSection(ProjectConfigurationPlatforms) = postSolution
		{17694B27-D852-4513-8515-069300CEE683}.Debug|Any CPU.ActiveCfg = Debug|Any CPU
		{17694B27-D852-4513-8515-069300CEE683}.Debug|Any CPU.Build.0 = Debug|Any CPU
		{17694B27-D852-4513-8515-069300CEE683}.Release|Any CPU.ActiveCfg = Release|Any CPU
		{17694B27-D852-4513-8515-069300CEE683}.Release|Any CPU.Build.0 = Release|Any CPU
	EndGlobalSection
	GlobalSection(SolutionProperties) = preSolution
		HideSolutionNode = FALSE
	EndGlobalSection
	GlobalSection(ExtensibilityGlobals) = postSolution
		SolutionGuid = {09BD84EA-84EE-4C26-A093-2CA84FA8770F}
	EndGlobalSection
EndGlobal
