
Microsoft Visual Studio Solution File, Format Version 12.00
# Visual Studio Version 17
VisualStudioVersion = 17.2.32602.215
MinimumVisualStudioVersion = 10.0.40219.1
Project("{FAE04EC0-301F-11D3-BF4B-00C04F79EFBC}") = "SistemaTeleatendimento", "SistemaTeleatendimento\SistemaTeleatendimento.csproj", "{0DC19C0E-4B0F-4744-93EA-CDEBA12E7954}"
EndProject
Global
	GlobalSection(SolutionConfigurationPlatforms) = preSolution
		Debug|Any CPU = Debug|Any CPU
		Release|Any CPU = Release|Any CPU
	EndGlobalSection
	GlobalSection(ProjectConfigurationPlatforms) = postSolution
		{0DC19C0E-4B0F-4744-93EA-CDEBA12E7954}.Debug|Any CPU.ActiveCfg = Debug|Any CPU
		{0DC19C0E-4B0F-4744-93EA-CDEBA12E7954}.Debug|Any CPU.Build.0 = Debug|Any CPU
		{0DC19C0E-4B0F-4744-93EA-CDEBA12E7954}.Release|Any CPU.ActiveCfg = Release|Any CPU
		{0DC19C0E-4B0F-4744-93EA-CDEBA12E7954}.Release|Any CPU.Build.0 = Release|Any CPU
	EndGlobalSection
	GlobalSection(SolutionProperties) = preSolution
		HideSolutionNode = FALSE
	EndGlobalSection
	GlobalSection(ExtensibilityGlobals) = postSolution
		SolutionGuid = {253439FD-474E-41CB-B326-D9187F3421FF}
	EndGlobalSection
EndGlobal
